
Microsoft Visual Studio Solution File, Format Version 12.00
# Visual Studio Version 17
VisualStudioVersion = 17.7.34221.43
MinimumVisualStudioVersion = 10.0.40219.1
Project("{FAE04EC0-301F-11D3-BF4B-00C04F79EFBC}") = "WebApplication1", "WebApplication1\WebApplication1.csproj", "{AB345B0A-10BE-4697-9FB4-45C3F0B8AF2C}"
EndProject
Project("{FAE04EC0-301F-11D3-BF4B-00C04F79EFBC}") = "WinFormsApp1", "WinFormsApp1\WinFormsApp1.csproj", "{A26A43D1-34CB-470C-9728-B5ACD6F0C511}"
EndProject
Global
	GlobalSection(SolutionConfigurationPlatforms) = preSolution
		Debug|Any CPU = Debug|Any CPU
		Release|Any CPU = Release|Any CPU
	EndGlobalSection
	GlobalSection(ProjectConfigurationPlatforms) = postSolution
		{AB345B0A-10BE-4697-9FB4-45C3F0B8AF2C}.Debug|Any CPU.ActiveCfg = Debug|Any CPU
		{AB345B0A-10BE-4697-9FB4-45C3F0B8AF2C}.Debug|Any CPU.Build.0 = Debug|Any CPU
		{AB345B0A-10BE-4697-9FB4-45C3F0B8AF2C}.Release|Any CPU.ActiveCfg = Release|Any CPU
		{AB345B0A-10BE-4697-9FB4-45C3F0B8AF2C}.Release|Any CPU.Build.0 = Release|Any CPU
		{A26A43D1-34CB-470C-9728-B5ACD6F0C511}.Debug|Any CPU.ActiveCfg = Debug|Any CPU
		{A26A43D1-34CB-470C-9728-B5ACD6F0C511}.Debug|Any CPU.Build.0 = Debug|Any CPU
		{A26A43D1-34CB-470C-9728-B5ACD6F0C511}.Release|Any CPU.ActiveCfg = Release|Any CPU
		{A26A43D1-34CB-470C-9728-B5ACD6F0C511}.Release|Any CPU.Build.0 = Release|Any CPU
	EndGlobalSection
	GlobalSection(SolutionProperties) = preSolution
		HideSolutionNode = FALSE
	EndGlobalSection
	GlobalSection(ExtensibilityGlobals) = postSolution
		SolutionGuid = {101DF34E-0B58-47EB-9EEA-984A5EBE809B}
	EndGlobalSection
EndGlobal
